
Microsoft Visual Studio Solution File, Format Version 12.00
# Visual Studio Version 16
VisualStudioVersion = 16.0.31729.503
MinimumVisualStudioVersion = 10.0.40219.1
Project("{9A19103F-16F7-4668-BE54-9A1E7A4F7556}") = "NumberSystems", "NumberSystems\NumberSystems.csproj", "{E1CD172D-B6B2-4F49-AEAD-FD63A8DFCE70}"
EndProject
Project("{FAE04EC0-301F-11D3-BF4B-00C04F79EFBC}") = "NumberSystems.Tests", "NumberSystems.Tests\NumberSystems.Tests.csproj", "{81DC24C6-32DE-4A9F-965A-D08CB021A47A}"
EndProject
Global
	GlobalSection(SolutionConfigurationPlatforms) = preSolution
		Debug|Any CPU = Debug|Any CPU
		Release|Any CPU = Release|Any CPU
	EndGlobalSection
	GlobalSection(ProjectConfigurationPlatforms) = postSolution
		{E1CD172D-B6B2-4F49-AEAD-FD63A8DFCE70}.Debug|Any CPU.ActiveCfg = Debug|Any CPU
		{E1CD172D-B6B2-4F49-AEAD-FD63A8DFCE70}.Debug|Any CPU.Build.0 = Debug|Any CPU
		{E1CD172D-B6B2-4F49-AEAD-FD63A8DFCE70}.Release|Any CPU.ActiveCfg = Release|Any CPU
		{E1CD172D-B6B2-4F49-AEAD-FD63A8DFCE70}.Release|Any CPU.Build.0 = Release|Any CPU
		{81DC24C6-32DE-4A9F-965A-D08CB021A47A}.Debug|Any CPU.ActiveCfg = Debug|Any CPU
		{81DC24C6-32DE-4A9F-965A-D08CB021A47A}.Debug|Any CPU.Build.0 = Debug|Any CPU
		{81DC24C6-32DE-4A9F-965A-D08CB021A47A}.Release|Any CPU.ActiveCfg = Release|Any CPU
		{81DC24C6-32DE-4A9F-965A-D08CB021A47A}.Release|Any CPU.Build.0 = Release|Any CPU
	EndGlobalSection
	GlobalSection(SolutionProperties) = preSolution
		HideSolutionNode = FALSE
	EndGlobalSection
	GlobalSection(ExtensibilityGlobals) = postSolution
		SolutionGuid = {50E296D2-86CB-4CEE-89E0-8D480B4D7ED9}
	EndGlobalSection
EndGlobal
