
Microsoft Visual Studio Solution File, Format Version 12.00
# Visual Studio Version 16
VisualStudioVersion = 16.0.31729.503
MinimumVisualStudioVersion = 10.0.40219.1
Project("{9A19103F-16F7-4668-BE54-9A1E7A4F7556}") = "ConsoleAppUniqueSymbols", "ConsoleAppUniqueSymbols\ConsoleAppUniqueSymbols.csproj", "{5825EEC9-134E-4C73-BAEF-89C9A7FC71B7}"
EndProject
Global
	GlobalSection(SolutionConfigurationPlatforms) = preSolution
		Debug|Any CPU = Debug|Any CPU
		Release|Any CPU = Release|Any CPU
	EndGlobalSection
	GlobalSection(ProjectConfigurationPlatforms) = postSolution
		{5825EEC9-134E-4C73-BAEF-89C9A7FC71B7}.Debug|Any CPU.ActiveCfg = Debug|Any CPU
		{5825EEC9-134E-4C73-BAEF-89C9A7FC71B7}.Debug|Any CPU.Build.0 = Debug|Any CPU
		{5825EEC9-134E-4C73-BAEF-89C9A7FC71B7}.Release|Any CPU.ActiveCfg = Release|Any CPU
		{5825EEC9-134E-4C73-BAEF-89C9A7FC71B7}.Release|Any CPU.Build.0 = Release|Any CPU
	EndGlobalSection
	GlobalSection(SolutionProperties) = preSolution
		HideSolutionNode = FALSE
	EndGlobalSection
	GlobalSection(ExtensibilityGlobals) = postSolution
		SolutionGuid = {50E296D2-86CB-4CEE-89E0-8D480B4D7ED9}
	EndGlobalSection
EndGlobal
