
Microsoft Visual Studio Solution File, Format Version 12.00
# Visual Studio Version 16
VisualStudioVersion = 16.0.31729.503
MinimumVisualStudioVersion = 10.0.40219.1
Project("{FAE04EC0-301F-11D3-BF4B-00C04F79EFBC}") = "Aircrafts", "Aircrafts\Aircrafts.csproj", "{7419D355-B9AC-4EC8-99F3-7429A6FCC883}"
EndProject
Global
	GlobalSection(SolutionConfigurationPlatforms) = preSolution
		Debug|Any CPU = Debug|Any CPU
		Release|Any CPU = Release|Any CPU
	EndGlobalSection
	GlobalSection(ProjectConfigurationPlatforms) = postSolution
		{7419D355-B9AC-4EC8-99F3-7429A6FCC883}.Debug|Any CPU.ActiveCfg = Debug|Any CPU
		{7419D355-B9AC-4EC8-99F3-7429A6FCC883}.Debug|Any CPU.Build.0 = Debug|Any CPU
		{7419D355-B9AC-4EC8-99F3-7429A6FCC883}.Release|Any CPU.ActiveCfg = Release|Any CPU
		{7419D355-B9AC-4EC8-99F3-7429A6FCC883}.Release|Any CPU.Build.0 = Release|Any CPU
	EndGlobalSection
	GlobalSection(SolutionProperties) = preSolution
		HideSolutionNode = FALSE
	EndGlobalSection
	GlobalSection(ExtensibilityGlobals) = postSolution
		SolutionGuid = {50E296D2-86CB-4CEE-89E0-8D480B4D7ED9}
	EndGlobalSection
EndGlobal
